
Microsoft Visual Studio Solution File, Format Version 11.00
# Visual Studio 2010
Project("{FAE04EC0-301F-11D3-BF4B-00C04F79EFBC}") = "UnityEngine.TestRunner", "UnityEngine.TestRunner.csproj", "{a0cdd99c-818d-7c47-a8c8-fea2c9d38fba}"
EndProject
Project("{FAE04EC0-301F-11D3-BF4B-00C04F79EFBC}") = "UnityEngine.UI", "UnityEngine.UI.csproj", "{73c11f10-426f-e028-4bea-947b634ff26b}"
EndProject
Project("{FAE04EC0-301F-11D3-BF4B-00C04F79EFBC}") = "Unity.Timeline", "Unity.Timeline.csproj", "{0235cfa0-3fbf-d495-29f2-d060820367f0}"
EndProject
Project("{FAE04EC0-301F-11D3-BF4B-00C04F79EFBC}") = "Cinemachine", "Cinemachine.csproj", "{70a8d1fa-f978-9349-eb28-0fa0ded914a2}"
EndProject
Project("{FAE04EC0-301F-11D3-BF4B-00C04F79EFBC}") = "Unity.TextMeshPro", "Unity.TextMeshPro.csproj", "{3f1a932d-ed22-5220-b5f0-7cd14d2c333c}"
EndProject
Project("{FAE04EC0-301F-11D3-BF4B-00C04F79EFBC}") = "Assembly-CSharp", "Assembly-CSharp.csproj", "{8196f373-a36f-9cf1-c611-fffdef6add1d}"
EndProject
Project("{FAE04EC0-301F-11D3-BF4B-00C04F79EFBC}") = "Unity.Timeline.Editor", "Unity.Timeline.Editor.csproj", "{1d7b30e2-3d15-6515-42c8-dca5cc1eb948}"
EndProject
Project("{FAE04EC0-301F-11D3-BF4B-00C04F79EFBC}") = "UnityEditor.TestRunner", "UnityEditor.TestRunner.csproj", "{ba18a55e-5ef7-a4b7-d794-5a16daf21efe}"
EndProject
Project("{FAE04EC0-301F-11D3-BF4B-00C04F79EFBC}") = "UnityEditor.UI", "UnityEditor.UI.csproj", "{6a1b6e36-37b7-39c3-f745-c933d0df6ab4}"
EndProject
Project("{FAE04EC0-301F-11D3-BF4B-00C04F79EFBC}") = "Unity.VisualStudio.Editor", "Unity.VisualStudio.Editor.csproj", "{745e10e5-cfb6-71dd-b9f8-14d17654669f}"
EndProject
Project("{FAE04EC0-301F-11D3-BF4B-00C04F79EFBC}") = "com.unity.cinemachine.editor", "com.unity.cinemachine.editor.csproj", "{f170b193-daad-8369-0a7c-63a6c1a54213}"
EndProject
Project("{FAE04EC0-301F-11D3-BF4B-00C04F79EFBC}") = "Unity.TextMeshPro.Editor", "Unity.TextMeshPro.Editor.csproj", "{e8f5b3cf-13b1-d759-ad13-0ac4e11ffbf2}"
EndProject
Project("{FAE04EC0-301F-11D3-BF4B-00C04F79EFBC}") = "Unity.CollabProxy.Editor", "Unity.CollabProxy.Editor.csproj", "{ad95b6d1-610b-1fe0-743a-82ebcbdc757d}"
EndProject
Project("{FAE04EC0-301F-11D3-BF4B-00C04F79EFBC}") = "Unity.VSCode.Editor", "Unity.VSCode.Editor.csproj", "{a1a15e72-f0cf-5960-424c-59d09523d565}"
EndProject
Project("{FAE04EC0-301F-11D3-BF4B-00C04F79EFBC}") = "Unity.Rider.Editor", "Unity.Rider.Editor.csproj", "{ef0d299e-b6f9-acc0-eac9-b732b8057d79}"
EndProject
Global
	GlobalSection(SolutionConfigurationPlatforms) = preSolution
		Debug|Any CPU = Debug|Any CPU
	EndGlobalSection
	GlobalSection(ProjectConfigurationPlatforms) = postSolution
		{a0cdd99c-818d-7c47-a8c8-fea2c9d38fba}.Debug|Any CPU.ActiveCfg = Debug|Any CPU
		{a0cdd99c-818d-7c47-a8c8-fea2c9d38fba}.Debug|Any CPU.Build.0 = Debug|Any CPU
		{73c11f10-426f-e028-4bea-947b634ff26b}.Debug|Any CPU.ActiveCfg = Debug|Any CPU
		{73c11f10-426f-e028-4bea-947b634ff26b}.Debug|Any CPU.Build.0 = Debug|Any CPU
		{0235cfa0-3fbf-d495-29f2-d060820367f0}.Debug|Any CPU.ActiveCfg = Debug|Any CPU
		{0235cfa0-3fbf-d495-29f2-d060820367f0}.Debug|Any CPU.Build.0 = Debug|Any CPU
		{70a8d1fa-f978-9349-eb28-0fa0ded914a2}.Debug|Any CPU.ActiveCfg = Debug|Any CPU
		{70a8d1fa-f978-9349-eb28-0fa0ded914a2}.Debug|Any CPU.Build.0 = Debug|Any CPU
		{3f1a932d-ed22-5220-b5f0-7cd14d2c333c}.Debug|Any CPU.ActiveCfg = Debug|Any CPU
		{3f1a932d-ed22-5220-b5f0-7cd14d2c333c}.Debug|Any CPU.Build.0 = Debug|Any CPU
		{8196f373-a36f-9cf1-c611-fffdef6add1d}.Debug|Any CPU.ActiveCfg = Debug|Any CPU
		{8196f373-a36f-9cf1-c611-fffdef6add1d}.Debug|Any CPU.Build.0 = Debug|Any CPU
		{1d7b30e2-3d15-6515-42c8-dca5cc1eb948}.Debug|Any CPU.ActiveCfg = Debug|Any CPU
		{1d7b30e2-3d15-6515-42c8-dca5cc1eb948}.Debug|Any CPU.Build.0 = Debug|Any CPU
		{ba18a55e-5ef7-a4b7-d794-5a16daf21efe}.Debug|Any CPU.ActiveCfg = Debug|Any CPU
		{ba18a55e-5ef7-a4b7-d794-5a16daf21efe}.Debug|Any CPU.Build.0 = Debug|Any CPU
		{6a1b6e36-37b7-39c3-f745-c933d0df6ab4}.Debug|Any CPU.ActiveCfg = Debug|Any CPU
		{6a1b6e36-37b7-39c3-f745-c933d0df6ab4}.Debug|Any CPU.Build.0 = Debug|Any CPU
		{745e10e5-cfb6-71dd-b9f8-14d17654669f}.Debug|Any CPU.ActiveCfg = Debug|Any CPU
		{745e10e5-cfb6-71dd-b9f8-14d17654669f}.Debug|Any CPU.Build.0 = Debug|Any CPU
		{f170b193-daad-8369-0a7c-63a6c1a54213}.Debug|Any CPU.ActiveCfg = Debug|Any CPU
		{f170b193-daad-8369-0a7c-63a6c1a54213}.Debug|Any CPU.Build.0 = Debug|Any CPU
		{e8f5b3cf-13b1-d759-ad13-0ac4e11ffbf2}.Debug|Any CPU.ActiveCfg = Debug|Any CPU
		{e8f5b3cf-13b1-d759-ad13-0ac4e11ffbf2}.Debug|Any CPU.Build.0 = Debug|Any CPU
		{ad95b6d1-610b-1fe0-743a-82ebcbdc757d}.Debug|Any CPU.ActiveCfg = Debug|Any CPU
		{ad95b6d1-610b-1fe0-743a-82ebcbdc757d}.Debug|Any CPU.Build.0 = Debug|Any CPU
		{a1a15e72-f0cf-5960-424c-59d09523d565}.Debug|Any CPU.ActiveCfg = Debug|Any CPU
		{a1a15e72-f0cf-5960-424c-59d09523d565}.Debug|Any CPU.Build.0 = Debug|Any CPU
		{ef0d299e-b6f9-acc0-eac9-b732b8057d79}.Debug|Any CPU.ActiveCfg = Debug|Any CPU
		{ef0d299e-b6f9-acc0-eac9-b732b8057d79}.Debug|Any CPU.Build.0 = Debug|Any CPU
	EndGlobalSection
	GlobalSection(SolutionProperties) = preSolution
		HideSolutionNode = FALSE
	EndGlobalSection
EndGlobal
